
Microsoft Visual Studio Solution File, Format Version 12.00
# Visual Studio Version 16
VisualStudioVersion = 16.0.31129.286
MinimumVisualStudioVersion = 10.0.40219.1
Project("{2150E333-8FDC-42A3-9474-1A3956D46DE8}") = "WarmUpChallenges", "WarmUpChallenges", "{F03AFB5A-EFAB-4AB0-835B-F39FF0D761D7}"
EndProject
Project("{9A19103F-16F7-4668-BE54-9A1E7A4F7556}") = "HackerRank.WarmUpChallenges.SalesByMatch", "HackerRank.WarmUpChallenges.SalesByMatch\HackerRank.WarmUpChallenges.SalesByMatch.csproj", "{6F6D532C-9F3D-4BE2-8C46-D725A7CAC804}"
EndProject
Project("{9A19103F-16F7-4668-BE54-9A1E7A4F7556}") = "HackerRank.WarmUpChallenges.CountingValleys", "HackerRank.WarmUpChallenges.CountingValleys\HackerRank.WarmUpChallenges.CountingValleys.csproj", "{B8EDE60A-8424-4979-87EA-0319FAB2C4B0}"
EndProject
Project("{9A19103F-16F7-4668-BE54-9A1E7A4F7556}") = "HackerRank.WarmUpChallenges.JumpingOnTheClouds", "HackerRank.WarmUpChallenges.JumpingOnTheClouds\HackerRank.WarmUpChallenges.JumpingOnTheClouds.csproj", "{C5E3E3C0-81CF-4C71-B643-852AE7D3401F}"
EndProject
Project("{9A19103F-16F7-4668-BE54-9A1E7A4F7556}") = "HackerRank.WarmUpChallenges.RepeatedString", "HackerRank.WarmUpChallenges.RepeatedString\HackerRank.WarmUpChallenges.RepeatedString.csproj", "{1D294E0B-3BEB-4BB2-8D2C-4FA45B15A84E}"
EndProject
Project("{2150E333-8FDC-42A3-9474-1A3956D46DE8}") = "Arrays", "Arrays", "{523C49C6-EB98-46FF-9830-05DFE05060C8}"
EndProject
Project("{9A19103F-16F7-4668-BE54-9A1E7A4F7556}") = "HackerRank.Arrays.2DArrayDS", "HackerRank.Arrays.2DArrayDS\HackerRank.Arrays.2DArrayDS.csproj", "{786B294E-45A0-4E20-B6D9-1808A699A3F1}"
EndProject
Project("{9A19103F-16F7-4668-BE54-9A1E7A4F7556}") = "HackerRank.Arrays.LeftRotation", "HackerRank.Arrays.LeftRotation\HackerRank.Arrays.LeftRotation.csproj", "{967A790A-D111-4030-8E17-7989F3B6B3CC}"
EndProject
Project("{9A19103F-16F7-4668-BE54-9A1E7A4F7556}") = "HackerRank.Arrays.NewYearChaos", "HackerRank.Arrays.NewYearChaos\HackerRank.Arrays.NewYearChaos.csproj", "{2B397BCA-09F4-4DB1-9D7A-42F0DD5600B4}"
EndProject
Project("{9A19103F-16F7-4668-BE54-9A1E7A4F7556}") = "HackerRank.Arrays.MinimumSwaps2", "HackerRank.Arrays.MinimumSwaps2\HackerRank.Arrays.MinimumSwaps2.csproj", "{FB2C0FEE-5D66-4080-9392-4655A92045CD}"
EndProject
Project("{2150E333-8FDC-42A3-9474-1A3956D46DE8}") = "DictionariesAndHashmaps", "DictionariesAndHashmaps", "{6A24E18A-1DFA-417E-8173-926360FC44C0}"
EndProject
Project("{9A19103F-16F7-4668-BE54-9A1E7A4F7556}") = "HackerRank.DictionariesAndHashmaps.RansomNote", "HackerRank.DictionariesAndHashmaps.RansomNote\HackerRank.DictionariesAndHashmaps.RansomNote.csproj", "{2248F5D8-EC4A-43C6-9FC4-FEE3D5621373}"
EndProject
Project("{9A19103F-16F7-4668-BE54-9A1E7A4F7556}") = "HackerRank.DictionariesAndHashmaps.TwoStrings", "HackerRank.DictionariesAndHashmaps.TwoStrings\HackerRank.DictionariesAndHashmaps.TwoStrings.csproj", "{764F93B2-4111-48B9-8735-159E9862190C}"
EndProject
Project("{9A19103F-16F7-4668-BE54-9A1E7A4F7556}") = "HackerRank.DictionariesAndHashmaps.SherlockAndAnagrams", "HackerRank.DictionariesAndHashmaps.SherlockAndAnagrams\HackerRank.DictionariesAndHashmaps.SherlockAndAnagrams.csproj", "{5FAAE0D1-9BA0-48F7-AFA2-E04BEF7DF6DA}"
EndProject
Project("{9A19103F-16F7-4668-BE54-9A1E7A4F7556}") = "HackerRank.DictionariesAndHashmaps.CountTriplets", "HackerRank.DictionariesAndHashmaps.CountTriplets\HackerRank.DictionariesAndHashmaps.CountTriplets.csproj", "{2CC0E6D3-D799-4C09-86AB-081753565FF8}"
EndProject
Project("{2150E333-8FDC-42A3-9474-1A3956D46DE8}") = "Sorting", "Sorting", "{C1F04755-86B8-4F91-9946-00E6A1B0EE3E}"
EndProject
Project("{FAE04EC0-301F-11D3-BF4B-00C04F79EFBC}") = "HackerRank.Sorting.BubbleSort", "HackerRank.Sorting.BubbleSort\HackerRank.Sorting.BubbleSort.csproj", "{DECE55D6-61C6-47F2-87D5-CD37CA36A491}"
EndProject
Project("{FAE04EC0-301F-11D3-BF4B-00C04F79EFBC}") = "HackerRank.Sorting.MarkAndToys", "HackerRank.Sorting.MarkAndToys\HackerRank.Sorting.MarkAndToys.csproj", "{FE7EE0DD-DFBF-4641-892A-F6A39A622CF0}"
EndProject
Project("{FAE04EC0-301F-11D3-BF4B-00C04F79EFBC}") = "HackerRank.Sorting.Comparator", "HackerRank.Sorting.Comparator\HackerRank.Sorting.Comparator.csproj", "{A28BA250-FB61-4A5D-9BBE-0E429A62BF0F}"
EndProject
Project("{FAE04EC0-301F-11D3-BF4B-00C04F79EFBC}") = "HackerRank.Sorting.FraudulentActivityNotifications", "HackerRank.Sorting.FraudulentActivityNotifications\HackerRank.Sorting.FraudulentActivityNotifications.csproj", "{115CB5C9-8129-4EC9-A8B6-55D0277ECAE1}"
EndProject
Global
	GlobalSection(SolutionConfigurationPlatforms) = preSolution
		Debug|Any CPU = Debug|Any CPU
		Release|Any CPU = Release|Any CPU
	EndGlobalSection
	GlobalSection(ProjectConfigurationPlatforms) = postSolution
		{6F6D532C-9F3D-4BE2-8C46-D725A7CAC804}.Debug|Any CPU.ActiveCfg = Debug|Any CPU
		{6F6D532C-9F3D-4BE2-8C46-D725A7CAC804}.Debug|Any CPU.Build.0 = Debug|Any CPU
		{6F6D532C-9F3D-4BE2-8C46-D725A7CAC804}.Release|Any CPU.ActiveCfg = Release|Any CPU
		{6F6D532C-9F3D-4BE2-8C46-D725A7CAC804}.Release|Any CPU.Build.0 = Release|Any CPU
		{B8EDE60A-8424-4979-87EA-0319FAB2C4B0}.Debug|Any CPU.ActiveCfg = Debug|Any CPU
		{B8EDE60A-8424-4979-87EA-0319FAB2C4B0}.Debug|Any CPU.Build.0 = Debug|Any CPU
		{B8EDE60A-8424-4979-87EA-0319FAB2C4B0}.Release|Any CPU.ActiveCfg = Release|Any CPU
		{B8EDE60A-8424-4979-87EA-0319FAB2C4B0}.Release|Any CPU.Build.0 = Release|Any CPU
		{C5E3E3C0-81CF-4C71-B643-852AE7D3401F}.Debug|Any CPU.ActiveCfg = Debug|Any CPU
		{C5E3E3C0-81CF-4C71-B643-852AE7D3401F}.Debug|Any CPU.Build.0 = Debug|Any CPU
		{C5E3E3C0-81CF-4C71-B643-852AE7D3401F}.Release|Any CPU.ActiveCfg = Release|Any CPU
		{C5E3E3C0-81CF-4C71-B643-852AE7D3401F}.Release|Any CPU.Build.0 = Release|Any CPU
		{1D294E0B-3BEB-4BB2-8D2C-4FA45B15A84E}.Debug|Any CPU.ActiveCfg = Debug|Any CPU
		{1D294E0B-3BEB-4BB2-8D2C-4FA45B15A84E}.Debug|Any CPU.Build.0 = Debug|Any CPU
		{1D294E0B-3BEB-4BB2-8D2C-4FA45B15A84E}.Release|Any CPU.ActiveCfg = Release|Any CPU
		{1D294E0B-3BEB-4BB2-8D2C-4FA45B15A84E}.Release|Any CPU.Build.0 = Release|Any CPU
		{786B294E-45A0-4E20-B6D9-1808A699A3F1}.Debug|Any CPU.ActiveCfg = Debug|Any CPU
		{786B294E-45A0-4E20-B6D9-1808A699A3F1}.Debug|Any CPU.Build.0 = Debug|Any CPU
		{786B294E-45A0-4E20-B6D9-1808A699A3F1}.Release|Any CPU.ActiveCfg = Release|Any CPU
		{786B294E-45A0-4E20-B6D9-1808A699A3F1}.Release|Any CPU.Build.0 = Release|Any CPU
		{967A790A-D111-4030-8E17-7989F3B6B3CC}.Debug|Any CPU.ActiveCfg = Debug|Any CPU
		{967A790A-D111-4030-8E17-7989F3B6B3CC}.Debug|Any CPU.Build.0 = Debug|Any CPU
		{967A790A-D111-4030-8E17-7989F3B6B3CC}.Release|Any CPU.ActiveCfg = Release|Any CPU
		{967A790A-D111-4030-8E17-7989F3B6B3CC}.Release|Any CPU.Build.0 = Release|Any CPU
		{2B397BCA-09F4-4DB1-9D7A-42F0DD5600B4}.Debug|Any CPU.ActiveCfg = Debug|Any CPU
		{2B397BCA-09F4-4DB1-9D7A-42F0DD5600B4}.Debug|Any CPU.Build.0 = Debug|Any CPU
		{2B397BCA-09F4-4DB1-9D7A-42F0DD5600B4}.Release|Any CPU.ActiveCfg = Release|Any CPU
		{2B397BCA-09F4-4DB1-9D7A-42F0DD5600B4}.Release|Any CPU.Build.0 = Release|Any CPU
		{FB2C0FEE-5D66-4080-9392-4655A92045CD}.Debug|Any CPU.ActiveCfg = Debug|Any CPU
		{FB2C0FEE-5D66-4080-9392-4655A92045CD}.Debug|Any CPU.Build.0 = Debug|Any CPU
		{FB2C0FEE-5D66-4080-9392-4655A92045CD}.Release|Any CPU.ActiveCfg = Release|Any CPU
		{FB2C0FEE-5D66-4080-9392-4655A92045CD}.Release|Any CPU.Build.0 = Release|Any CPU
		{2248F5D8-EC4A-43C6-9FC4-FEE3D5621373}.Debug|Any CPU.ActiveCfg = Debug|Any CPU
		{2248F5D8-EC4A-43C6-9FC4-FEE3D5621373}.Debug|Any CPU.Build.0 = Debug|Any CPU
		{2248F5D8-EC4A-43C6-9FC4-FEE3D5621373}.Release|Any CPU.ActiveCfg = Release|Any CPU
		{2248F5D8-EC4A-43C6-9FC4-FEE3D5621373}.Release|Any CPU.Build.0 = Release|Any CPU
		{764F93B2-4111-48B9-8735-159E9862190C}.Debug|Any CPU.ActiveCfg = Debug|Any CPU
		{764F93B2-4111-48B9-8735-159E9862190C}.Debug|Any CPU.Build.0 = Debug|Any CPU
		{764F93B2-4111-48B9-8735-159E9862190C}.Release|Any CPU.ActiveCfg = Release|Any CPU
		{764F93B2-4111-48B9-8735-159E9862190C}.Release|Any CPU.Build.0 = Release|Any CPU
		{5FAAE0D1-9BA0-48F7-AFA2-E04BEF7DF6DA}.Debug|Any CPU.ActiveCfg = Debug|Any CPU
		{5FAAE0D1-9BA0-48F7-AFA2-E04BEF7DF6DA}.Debug|Any CPU.Build.0 = Debug|Any CPU
		{5FAAE0D1-9BA0-48F7-AFA2-E04BEF7DF6DA}.Release|Any CPU.ActiveCfg = Release|Any CPU
		{5FAAE0D1-9BA0-48F7-AFA2-E04BEF7DF6DA}.Release|Any CPU.Build.0 = Release|Any CPU
		{2CC0E6D3-D799-4C09-86AB-081753565FF8}.Debug|Any CPU.ActiveCfg = Debug|Any CPU
		{2CC0E6D3-D799-4C09-86AB-081753565FF8}.Debug|Any CPU.Build.0 = Debug|Any CPU
		{2CC0E6D3-D799-4C09-86AB-081753565FF8}.Release|Any CPU.ActiveCfg = Release|Any CPU
		{2CC0E6D3-D799-4C09-86AB-081753565FF8}.Release|Any CPU.Build.0 = Release|Any CPU
		{DECE55D6-61C6-47F2-87D5-CD37CA36A491}.Debug|Any CPU.ActiveCfg = Debug|Any CPU
		{DECE55D6-61C6-47F2-87D5-CD37CA36A491}.Debug|Any CPU.Build.0 = Debug|Any CPU
		{DECE55D6-61C6-47F2-87D5-CD37CA36A491}.Release|Any CPU.ActiveCfg = Release|Any CPU
		{DECE55D6-61C6-47F2-87D5-CD37CA36A491}.Release|Any CPU.Build.0 = Release|Any CPU
		{FE7EE0DD-DFBF-4641-892A-F6A39A622CF0}.Debug|Any CPU.ActiveCfg = Debug|Any CPU
		{FE7EE0DD-DFBF-4641-892A-F6A39A622CF0}.Debug|Any CPU.Build.0 = Debug|Any CPU
		{FE7EE0DD-DFBF-4641-892A-F6A39A622CF0}.Release|Any CPU.ActiveCfg = Release|Any CPU
		{FE7EE0DD-DFBF-4641-892A-F6A39A622CF0}.Release|Any CPU.Build.0 = Release|Any CPU
		{A28BA250-FB61-4A5D-9BBE-0E429A62BF0F}.Debug|Any CPU.ActiveCfg = Debug|Any CPU
		{A28BA250-FB61-4A5D-9BBE-0E429A62BF0F}.Debug|Any CPU.Build.0 = Debug|Any CPU
		{A28BA250-FB61-4A5D-9BBE-0E429A62BF0F}.Release|Any CPU.ActiveCfg = Release|Any CPU
		{A28BA250-FB61-4A5D-9BBE-0E429A62BF0F}.Release|Any CPU.Build.0 = Release|Any CPU
		{115CB5C9-8129-4EC9-A8B6-55D0277ECAE1}.Debug|Any CPU.ActiveCfg = Debug|Any CPU
		{115CB5C9-8129-4EC9-A8B6-55D0277ECAE1}.Debug|Any CPU.Build.0 = Debug|Any CPU
		{115CB5C9-8129-4EC9-A8B6-55D0277ECAE1}.Release|Any CPU.ActiveCfg = Release|Any CPU
		{115CB5C9-8129-4EC9-A8B6-55D0277ECAE1}.Release|Any CPU.Build.0 = Release|Any CPU
	EndGlobalSection
	GlobalSection(SolutionProperties) = preSolution
		HideSolutionNode = FALSE
	EndGlobalSection
	GlobalSection(NestedProjects) = preSolution
		{6F6D532C-9F3D-4BE2-8C46-D725A7CAC804} = {F03AFB5A-EFAB-4AB0-835B-F39FF0D761D7}
		{B8EDE60A-8424-4979-87EA-0319FAB2C4B0} = {F03AFB5A-EFAB-4AB0-835B-F39FF0D761D7}
		{C5E3E3C0-81CF-4C71-B643-852AE7D3401F} = {F03AFB5A-EFAB-4AB0-835B-F39FF0D761D7}
		{1D294E0B-3BEB-4BB2-8D2C-4FA45B15A84E} = {F03AFB5A-EFAB-4AB0-835B-F39FF0D761D7}
		{786B294E-45A0-4E20-B6D9-1808A699A3F1} = {523C49C6-EB98-46FF-9830-05DFE05060C8}
		{967A790A-D111-4030-8E17-7989F3B6B3CC} = {523C49C6-EB98-46FF-9830-05DFE05060C8}
		{2B397BCA-09F4-4DB1-9D7A-42F0DD5600B4} = {523C49C6-EB98-46FF-9830-05DFE05060C8}
		{FB2C0FEE-5D66-4080-9392-4655A92045CD} = {523C49C6-EB98-46FF-9830-05DFE05060C8}
		{2248F5D8-EC4A-43C6-9FC4-FEE3D5621373} = {6A24E18A-1DFA-417E-8173-926360FC44C0}
		{764F93B2-4111-48B9-8735-159E9862190C} = {6A24E18A-1DFA-417E-8173-926360FC44C0}
		{5FAAE0D1-9BA0-48F7-AFA2-E04BEF7DF6DA} = {6A24E18A-1DFA-417E-8173-926360FC44C0}
		{2CC0E6D3-D799-4C09-86AB-081753565FF8} = {6A24E18A-1DFA-417E-8173-926360FC44C0}
		{DECE55D6-61C6-47F2-87D5-CD37CA36A491} = {C1F04755-86B8-4F91-9946-00E6A1B0EE3E}
		{FE7EE0DD-DFBF-4641-892A-F6A39A622CF0} = {C1F04755-86B8-4F91-9946-00E6A1B0EE3E}
		{A28BA250-FB61-4A5D-9BBE-0E429A62BF0F} = {C1F04755-86B8-4F91-9946-00E6A1B0EE3E}
		{115CB5C9-8129-4EC9-A8B6-55D0277ECAE1} = {C1F04755-86B8-4F91-9946-00E6A1B0EE3E}
	EndGlobalSection
	GlobalSection(ExtensibilityGlobals) = postSolution
		SolutionGuid = {5E3CA82F-F76A-412A-94F7-5B97F3FB816D}
	EndGlobalSection
EndGlobal
